
Microsoft Visual Studio Solution File, Format Version 12.00
# Visual Studio 15
VisualStudioVersion = 15.0.26403.0
MinimumVisualStudioVersion = 10.0.40219.1
Project("{FAE04EC0-301F-11D3-BF4B-00C04F79EFBC}") = "01. Placeholders", "01. Placeholders\01. Placeholders.csproj", "{0C83367D-B951-47E0-9143-E04E156F3A45}"
EndProject
Project("{FAE04EC0-301F-11D3-BF4B-00C04F79EFBC}") = "02. JSON Stringify", "02. JSON Stringify\02. JSON Stringify.csproj", "{A83E3031-4D84-47D0-AB4A-542B9A2821B6}"
EndProject
Project("{FAE04EC0-301F-11D3-BF4B-00C04F79EFBC}") = "03. JSON Parse", "03. JSON Parse\03. JSON Parse.csproj", "{D0539568-2DAB-413E-AA13-5AED413F8F08}"
EndProject
Project("{FAE04EC0-301F-11D3-BF4B-00C04F79EFBC}") = "04. Sentence Split", "04. Sentence Split\04. Sentence Split.csproj", "{5741CAF2-217F-424B-AE25-69AF9065E02B}"
EndProject
Project("{FAE04EC0-301F-11D3-BF4B-00C04F79EFBC}") = "05. Capitalize Words", "05. Capitalize Words\05. Capitalize Words.csproj", "{7901C434-3337-44D3-9D58-F38AEC2B02E0}"
EndProject
Project("{FAE04EC0-301F-11D3-BF4B-00C04F79EFBC}") = "azsumboty", "azsumboty\azsumboty.csproj", "{08CE8277-9BCB-4636-ABB5-26247907A12A}"
EndProject
Global
	GlobalSection(SolutionConfigurationPlatforms) = preSolution
		Debug|Any CPU = Debug|Any CPU
		Release|Any CPU = Release|Any CPU
	EndGlobalSection
	GlobalSection(ProjectConfigurationPlatforms) = postSolution
		{0C83367D-B951-47E0-9143-E04E156F3A45}.Debug|Any CPU.ActiveCfg = Debug|Any CPU
		{0C83367D-B951-47E0-9143-E04E156F3A45}.Debug|Any CPU.Build.0 = Debug|Any CPU
		{0C83367D-B951-47E0-9143-E04E156F3A45}.Release|Any CPU.ActiveCfg = Release|Any CPU
		{0C83367D-B951-47E0-9143-E04E156F3A45}.Release|Any CPU.Build.0 = Release|Any CPU
		{A83E3031-4D84-47D0-AB4A-542B9A2821B6}.Debug|Any CPU.ActiveCfg = Debug|Any CPU
		{A83E3031-4D84-47D0-AB4A-542B9A2821B6}.Debug|Any CPU.Build.0 = Debug|Any CPU
		{A83E3031-4D84-47D0-AB4A-542B9A2821B6}.Release|Any CPU.ActiveCfg = Release|Any CPU
		{A83E3031-4D84-47D0-AB4A-542B9A2821B6}.Release|Any CPU.Build.0 = Release|Any CPU
		{D0539568-2DAB-413E-AA13-5AED413F8F08}.Debug|Any CPU.ActiveCfg = Debug|Any CPU
		{D0539568-2DAB-413E-AA13-5AED413F8F08}.Debug|Any CPU.Build.0 = Debug|Any CPU
		{D0539568-2DAB-413E-AA13-5AED413F8F08}.Release|Any CPU.ActiveCfg = Release|Any CPU
		{D0539568-2DAB-413E-AA13-5AED413F8F08}.Release|Any CPU.Build.0 = Release|Any CPU
		{5741CAF2-217F-424B-AE25-69AF9065E02B}.Debug|Any CPU.ActiveCfg = Debug|Any CPU
		{5741CAF2-217F-424B-AE25-69AF9065E02B}.Debug|Any CPU.Build.0 = Debug|Any CPU
		{5741CAF2-217F-424B-AE25-69AF9065E02B}.Release|Any CPU.ActiveCfg = Release|Any CPU
		{5741CAF2-217F-424B-AE25-69AF9065E02B}.Release|Any CPU.Build.0 = Release|Any CPU
		{7901C434-3337-44D3-9D58-F38AEC2B02E0}.Debug|Any CPU.ActiveCfg = Debug|Any CPU
		{7901C434-3337-44D3-9D58-F38AEC2B02E0}.Debug|Any CPU.Build.0 = Debug|Any CPU
		{7901C434-3337-44D3-9D58-F38AEC2B02E0}.Release|Any CPU.ActiveCfg = Release|Any CPU
		{7901C434-3337-44D3-9D58-F38AEC2B02E0}.Release|Any CPU.Build.0 = Release|Any CPU
		{08CE8277-9BCB-4636-ABB5-26247907A12A}.Debug|Any CPU.ActiveCfg = Debug|Any CPU
		{08CE8277-9BCB-4636-ABB5-26247907A12A}.Debug|Any CPU.Build.0 = Debug|Any CPU
		{08CE8277-9BCB-4636-ABB5-26247907A12A}.Release|Any CPU.ActiveCfg = Release|Any CPU
		{08CE8277-9BCB-4636-ABB5-26247907A12A}.Release|Any CPU.Build.0 = Release|Any CPU
	EndGlobalSection
	GlobalSection(SolutionProperties) = preSolution
		HideSolutionNode = FALSE
	EndGlobalSection
EndGlobal
